
Microsoft Visual Studio Solution File, Format Version 12.00
# Visual Studio Version 17
VisualStudioVersion = 17.5.33424.131
MinimumVisualStudioVersion = 10.0.40219.1
Project("{9A19103F-16F7-4668-BE54-9A1E7A4F7556}") = "DashBoardCustomForm.Module", "DashBoardCustomForm.Module\DashBoardCustomForm.Module.csproj", "{76DB22D9-F148-474C-A6A6-46698A4E1603}"
EndProject
Project("{9A19103F-16F7-4668-BE54-9A1E7A4F7556}") = "DashBoardCustomForm.Win", "DashBoardCustomForm.Win\DashBoardCustomForm.Win.csproj", "{5A2CC3E6-2018-4779-BDFD-83A4D3FAFB5B}"
EndProject
Global
	GlobalSection(SolutionConfigurationPlatforms) = preSolution
		Debug|Any CPU = Debug|Any CPU
		EasyTest|Any CPU = EasyTest|Any CPU
		Release|Any CPU = Release|Any CPU
	EndGlobalSection
	GlobalSection(ProjectConfigurationPlatforms) = postSolution
		{76DB22D9-F148-474C-A6A6-46698A4E1603}.Debug|Any CPU.ActiveCfg = Debug|Any CPU
		{76DB22D9-F148-474C-A6A6-46698A4E1603}.Debug|Any CPU.Build.0 = Debug|Any CPU
		{76DB22D9-F148-474C-A6A6-46698A4E1603}.EasyTest|Any CPU.ActiveCfg = EasyTest|Any CPU
		{76DB22D9-F148-474C-A6A6-46698A4E1603}.EasyTest|Any CPU.Build.0 = EasyTest|Any CPU
		{76DB22D9-F148-474C-A6A6-46698A4E1603}.Release|Any CPU.ActiveCfg = Release|Any CPU
		{76DB22D9-F148-474C-A6A6-46698A4E1603}.Release|Any CPU.Build.0 = Release|Any CPU
		{5A2CC3E6-2018-4779-BDFD-83A4D3FAFB5B}.Debug|Any CPU.ActiveCfg = Debug|Any CPU
		{5A2CC3E6-2018-4779-BDFD-83A4D3FAFB5B}.Debug|Any CPU.Build.0 = Debug|Any CPU
		{5A2CC3E6-2018-4779-BDFD-83A4D3FAFB5B}.EasyTest|Any CPU.ActiveCfg = EasyTest|Any CPU
		{5A2CC3E6-2018-4779-BDFD-83A4D3FAFB5B}.EasyTest|Any CPU.Build.0 = EasyTest|Any CPU
		{5A2CC3E6-2018-4779-BDFD-83A4D3FAFB5B}.Release|Any CPU.ActiveCfg = Release|Any CPU
		{5A2CC3E6-2018-4779-BDFD-83A4D3FAFB5B}.Release|Any CPU.Build.0 = Release|Any CPU
	EndGlobalSection
	GlobalSection(SolutionProperties) = preSolution
		HideSolutionNode = FALSE
	EndGlobalSection
EndGlobal
